// !$*UTF8*$!
{
	archiveVersion = 1;
	classes = {
	};
	objectVersion = 50;
	objects = {

/* Begin PBXBuildFile section */
		84A7C128263201F70020C4AF /* ConvertMeasurementsApp.swift in Sources */ = {isa = PBXBuildFile; fileRef = 84A7C127263201F70020C4AF /* ConvertMeasurementsApp.swift */; };
		84A7C12A263201F70020C4AF /* ContentView.swift in Sources */ = {isa = PBXBuildFile; fileRef = 84A7C129263201F70020C4AF /* ContentView.swift */; };
		84A7C12C263201F80020C4AF /* Assets.xcassets in Resources */ = {isa = PBXBuildFile; fileRef = 84A7C12B263201F80020C4AF /* Assets.xcassets */; };
		84A7C12F263201F80020C4AF /* Preview Assets.xcassets in Resources */ = {isa = PBXBuildFile; fileRef = 84A7C12E263201F80020C4AF /* Preview Assets.xcassets */; };
		84A7C13A263201F80020C4AF /* ConvertMeasurementsTests.swift in Sources */ = {isa = PBXBuildFile; fileRef = 84A7C139263201F80020C4AF /* ConvertMeasurementsTests.swift */; };
		84A7C145263201F80020C4AF /* ConvertMeasurementsUITests.swift in Sources */ = {isa = PBXBuildFile; fileRef = 84A7C144263201F80020C4AF /* ConvertMeasurementsUITests.swift */; };
/* End PBXBuildFile section */

/* Begin PBXContainerItemProxy section */
		84A7C136263201F80020C4AF /* PBXContainerItemProxy */ = {
			isa = PBXContainerItemProxy;
			containerPortal = 84A7C11C263201F70020C4AF /* Project object */;
			proxyType = 1;
			remoteGlobalIDString = 84A7C123263201F70020C4AF;
			remoteInfo = ConvertMeasurements;
		};
		84A7C141263201F80020C4AF /* PBXContainerItemProxy */ = {
			isa = PBXContainerItemProxy;
			containerPortal = 84A7C11C263201F70020C4AF /* Project object */;
			proxyType = 1;
			remoteGlobalIDString = 84A7C123263201F70020C4AF;
			remoteInfo = ConvertMeasurements;
		};
/* End PBXContainerItemProxy section */

/* Begin PBXFileReference section */
		84A7C124263201F70020C4AF /* ConvertMeasurements.app */ = {isa = PBXFileReference; explicitFileType = wrapper.application; includeInIndex = 0; path = ConvertMeasurements.app; sourceTree = BUILT_PRODUCTS_DIR; };
		84A7C127263201F70020C4AF /* ConvertMeasurementsApp.swift */ = {isa = PBXFileReference; lastKnownFileType = sourcecode.swift; path = ConvertMeasurementsApp.swift; sourceTree = "<group>"; };
		84A7C129263201F70020C4AF /* ContentView.swift */ = {isa = PBXFileReference; lastKnownFileType = sourcecode.swift; path = ContentView.swift; sourceTree = "<group>"; };
		84A7C12B263201F80020C4AF /* Assets.xcassets */ = {isa = PBXFileReference; lastKnownFileType = folder.assetcatalog; path = Assets.xcassets; sourceTree = "<group>"; };
		84A7C12E263201F80020C4AF /* Preview Assets.xcassets */ = {isa = PBXFileReference; lastKnownFileType = folder.assetcatalog; path = "Preview Assets.xcassets"; sourceTree = "<group>"; };
		84A7C130263201F80020C4AF /* Info.plist */ = {isa = PBXFileReference; lastKnownFileType = text.plist.xml; path = Info.plist; sourceTree = "<group>"; };
		84A7C135263201F80020C4AF /* ConvertMeasurementsTests.xctest */ = {isa = PBXFileReference; explicitFileType = wrapper.cfbundle; includeInIndex = 0; path = ConvertMeasurementsTests.xctest; sourceTree = BUILT_PRODUCTS_DIR; };
		84A7C139263201F80020C4AF /* ConvertMeasurementsTests.swift */ = {isa = PBXFileReference; lastKnownFileType = sourcecode.swift; path = ConvertMeasurementsTests.swift; sourceTree = "<group>"; };
		84A7C13B263201F80020C4AF /* Info.plist */ = {isa = PBXFileReference; lastKnownFileType = text.plist.xml; path = Info.plist; sourceTree = "<group>"; };
		84A7C140263201F80020C4AF /* ConvertMeasurementsUITests.xctest */ = {isa = PBXFileReference; explicitFileType = wrapper.cfbundle; includeInIndex = 0; path = ConvertMeasurementsUITests.xctest; sourceTree = BUILT_PRODUCTS_DIR; };
		84A7C144263201F80020C4AF /* ConvertMeasurementsUITests.swift */ = {isa = PBXFileReference; lastKnownFileType = sourcecode.swift; path = ConvertMeasurementsUITests.swift; sourceTree = "<group>"; };
		84A7C146263201F80020C4AF /* Info.plist */ = {isa = PBXFileReference; lastKnownFileType = text.plist.xml; path = Info.plist; sourceTree = "<group>"; };
/* End PBXFileReference section */

/* Begin PBXFrameworksBuildPhase section */
		84A7C121263201F70020C4AF /* Frameworks */ = {
			isa = PBXFrameworksBuildPhase;
			buildActionMask = 2147483647;
			files = (
			);
			runOnlyForDeploymentPostprocessing = 0;
		};
		84A7C132263201F80020C4AF /* Frameworks */ = {
			isa = PBXFrameworksBuildPhase;
			buildActionMask = 2147483647;
			files = (
			);
			runOnlyForDeploymentPostprocessing = 0;
		};
		84A7C13D263201F80020C4AF /* Frameworks */ = {
			isa = PBXFrameworksBuildPhase;
			buildActionMask = 2147483647;
			files = (
			);
			runOnlyForDeploymentPostprocessing = 0;
		};
/* End PBXFrameworksBuildPhase section */

/* Begin PBXGroup section */
		84A7C11B263201F70020C4AF = {
			isa = PBXGroup;
			children = (
				84A7C126263201F70020C4AF /* ConvertMeasurements */,
				84A7C138263201F80020C4AF /* ConvertMeasurementsTests */,
				84A7C143263201F80020C4AF /* ConvertMeasurementsUITests */,
				84A7C125263201F70020C4AF /* Products */,
			);
			sourceTree = "<group>";
		};
		84A7C125263201F70020C4AF /* Products */ = {
			isa = PBXGroup;
			children = (
				84A7C124263201F70020C4AF /* ConvertMeasurements.app */,
				84A7C135263201F80020C4AF /* ConvertMeasurementsTests.xctest */,
				84A7C140263201F80020C4AF /* ConvertMeasurementsUITests.xctest */,
			);
			name = Products;
			sourceTree = "<group>";
		};
		84A7C126263201F70020C4AF /* ConvertMeasurements */ = {
			isa = PBXGroup;
			children = (
				84A7C127263201F70020C4AF /* ConvertMeasurementsApp.swift */,
				84A7C129263201F70020C4AF /* ContentView.swift */,
				84A7C12B263201F80020C4AF /* Assets.xcassets */,
				84A7C130263201F80020C4AF /* Info.plist */,
				84A7C12D263201F80020C4AF /* Preview Content */,
			);
			path = ConvertMeasurements;
			sourceTree = "<group>";
		};
		84A7C12D263201F80020C4AF /* Preview Content */ = {
			isa = PBXGroup;
			children = (
				84A7C12E263201F80020C4AF /* Preview Assets.xcassets */,
			);
			path = "Preview Content";
			sourceTree = "<group>";
		};
		84A7C138263201F80020C4AF /* ConvertMeasurementsTests */ = {
			isa = PBXGroup;
			children = (
				84A7C139263201F80020C4AF /* ConvertMeasurementsTests.swift */,
				84A7C13B263201F80020C4AF /* Info.plist */,
			);
			path = ConvertMeasurementsTests;
			sourceTree = "<group>";
		};
		84A7C143263201F80020C4AF /* ConvertMeasurementsUITests */ = {
			isa = PBXGroup;
			children = (
				84A7C144263201F80020C4AF /* ConvertMeasurementsUITests.swift */,
				84A7C146263201F80020C4AF /* Info.plist */,
			);
			path = ConvertMeasurementsUITests;
			sourceTree = "<group>";
		};
/* End PBXGroup section */

/* Begin PBXNativeTarget section */
		84A7C123263201F70020C4AF /* ConvertMeasurements */ = {
			isa = PBXNativeTarget;
			buildConfigurationList = 84A7C149263201F80020C4AF /* Build configuration list for PBXNativeTarget "ConvertMeasurements" */;
			buildPhases = (
				84A7C120263201F70020C4AF /* Sources */,
				84A7C121263201F70020C4AF /* Frameworks */,
				84A7C122263201F70020C4AF /* Resources */,
			);
			buildRules = (
			);
			dependencies = (
			);
			name = ConvertMeasurements;
			productName = ConvertMeasurements;
			productReference = 84A7C124263201F70020C4AF /* ConvertMeasurements.app */;
			productType = "com.apple.product-type.application";
		};
		84A7C134263201F80020C4AF /* ConvertMeasurementsTests */ = {
			isa = PBXNativeTarget;
			buildConfigurationList = 84A7C14C263201F80020C4AF /* Build configuration list for PBXNativeTarget "ConvertMeasurementsTests" */;
			buildPhases = (
				84A7C131263201F80020C4AF /* Sources */,
				84A7C132263201F80020C4AF /* Frameworks */,
				84A7C133263201F80020C4AF /* Resources */,
			);
			buildRules = (
			);
			dependencies = (
				84A7C137263201F80020C4AF /* PBXTargetDependency */,
			);
			name = ConvertMeasurementsTests;
			productName = ConvertMeasurementsTests;
			productReference = 84A7C135263201F80020C4AF /* ConvertMeasurementsTests.xctest */;
			productType = "com.apple.product-type.bundle.unit-test";
		};
		84A7C13F263201F80020C4AF /* ConvertMeasurementsUITests */ = {
			isa = PBXNativeTarget;
			buildConfigurationList = 84A7C14F263201F80020C4AF /* Build configuration list for PBXNativeTarget "ConvertMeasurementsUITests" */;
			buildPhases = (
				84A7C13C263201F80020C4AF /* Sources */,
				84A7C13D263201F80020C4AF /* Frameworks */,
				84A7C13E263201F80020C4AF /* Resources */,
			);
			buildRules = (
			);
			dependencies = (
				84A7C142263201F80020C4AF /* PBXTargetDependency */,
			);
			name = ConvertMeasurementsUITests;
			productName = ConvertMeasurementsUITests;
			productReference = 84A7C140263201F80020C4AF /* ConvertMeasurementsUITests.xctest */;
			productType = "com.apple.product-type.bundle.ui-testing";
		};
/* End PBXNativeTarget section */

/* Begin PBXProject section */
		84A7C11C263201F70020C4AF /* Project object */ = {
			isa = PBXProject;
			attributes = {
				LastSwiftUpdateCheck = 1240;
				LastUpgradeCheck = 1240;
				TargetAttributes = {
					84A7C123263201F70020C4AF = {
						CreatedOnToolsVersion = 12.4;
					};
					84A7C134263201F80020C4AF = {
						CreatedOnToolsVersion = 12.4;
						TestTargetID = 84A7C123263201F70020C4AF;
					};
					84A7C13F263201F80020C4AF = {
						CreatedOnToolsVersion = 12.4;
						TestTargetID = 84A7C123263201F70020C4AF;
					};
				};
			};
			buildConfigurationList = 84A7C11F263201F70020C4AF /* Build configuration list for PBXProject "ConvertMeasurements" */;
			compatibilityVersion = "Xcode 9.3";
			developmentRegion = en;
			hasScannedForEncodings = 0;
			knownRegions = (
				en,
				Base,
			);
			mainGroup = 84A7C11B263201F70020C4AF;
			productRefGroup = 84A7C125263201F70020C4AF /* Products */;
			projectDirPath = "";
			projectRoot = "";
			targets = (
				84A7C123263201F70020C4AF /* ConvertMeasurements */,
				84A7C134263201F80020C4AF /* ConvertMeasurementsTests */,
				84A7C13F263201F80020C4AF /* ConvertMeasurementsUITests */,
			);
		};
/* End PBXProject section */

/* Begin PBXResourcesBuildPhase section */
		84A7C122263201F70020C4AF /* Resources */ = {
			isa = PBXResourcesBuildPhase;
			buildActionMask = 2147483647;
			files = (
				84A7C12F263201F80020C4AF /* Preview Assets.xcassets in Resources */,
				84A7C12C263201F80020C4AF /* Assets.xcassets in Resources */,
			);
			runOnlyForDeploymentPostprocessing = 0;
		};
		84A7C133263201F80020C4AF /* Resources */ = {
			isa = PBXResourcesBuildPhase;
			buildActionMask = 2147483647;
			files = (
			);
			runOnlyForDeploymentPostprocessing = 0;
		};
		84A7C13E263201F80020C4AF /* Resources */ = {
			isa = PBXResourcesBuildPhase;
			buildActionMask = 2147483647;
			files = (
			);
			runOnlyForDeploymentPostprocessing = 0;
		};
/* End PBXResourcesBuildPhase section */

/* Begin PBXSourcesBuildPhase section */
		84A7C120263201F70020C4AF /* Sources */ = {
			isa = PBXSourcesBuildPhase;
			buildActionMask = 2147483647;
			files = (
				84A7C12A263201F70020C4AF /* ContentView.swift in Sources */,
				84A7C128263201F70020C4AF /* ConvertMeasurementsApp.swift in Sources */,
			);
			runOnlyForDeploymentPostprocessing = 0;
		};
		84A7C131263201F80020C4AF /* Sources */ = {
			isa = PBXSourcesBuildPhase;
			buildActionMask = 2147483647;
			files = (
				84A7C13A263201F80020C4AF /* ConvertMeasurementsTests.swift in Sources */,
			);
			runOnlyForDeploymentPostprocessing = 0;
		};
		84A7C13C263201F80020C4AF /* Sources */ = {
			isa = PBXSourcesBuildPhase;
			buildActionMask = 2147483647;
			files = (
				84A7C145263201F80020C4AF /* ConvertMeasurementsUITests.swift in Sources */,
			);
			runOnlyForDeploymentPostprocessing = 0;
		};
/* End PBXSourcesBuildPhase section */

/* Begin PBXTargetDependency section */
		84A7C137263201F80020C4AF /* PBXTargetDependency */ = {
			isa = PBXTargetDependency;
			target = 84A7C123263201F70020C4AF /* ConvertMeasurements */;
			targetProxy = 84A7C136263201F80020C4AF /* PBXContainerItemProxy */;
		};
		84A7C142263201F80020C4AF /* PBXTargetDependency */ = {
			isa = PBXTargetDependency;
			target = 84A7C123263201F70020C4AF /* ConvertMeasurements */;
			targetProxy = 84A7C141263201F80020C4AF /* PBXContainerItemProxy */;
		};
/* End PBXTargetDependency section */

/* Begin XCBuildConfiguration section */
		84A7C147263201F80020C4AF /* Debug */ = {
			isa = XCBuildConfiguration;
			buildSettings = {
				ALWAYS_SEARCH_USER_PATHS = NO;
				CLANG_ANALYZER_NONNULL = YES;
				CLANG_ANALYZER_NUMBER_OBJECT_CONVERSION = YES_AGGRESSIVE;
				CLANG_CXX_LANGUAGE_STANDARD = "gnu++14";
				CLANG_CXX_LIBRARY = "libc++";
				CLANG_ENABLE_MODULES = YES;
				CLANG_ENABLE_OBJC_ARC = YES;
				CLANG_ENABLE_OBJC_WEAK = YES;
				CLANG_WARN_BLOCK_CAPTURE_AUTORELEASING = YES;
				CLANG_WARN_BOOL_CONVERSION = YES;
				CLANG_WARN_COMMA = YES;
				CLANG_WARN_CONSTANT_CONVERSION = YES;
				CLANG_WARN_DEPRECATED_OBJC_IMPLEMENTATIONS = YES;
				CLANG_WARN_DIRECT_OBJC_ISA_USAGE = YES_ERROR;
				CLANG_WARN_DOCUMENTATION_COMMENTS = YES;
				CLANG_WARN_EMPTY_BODY = YES;
				CLANG_WARN_ENUM_CONVERSION = YES;
				CLANG_WARN_INFINITE_RECURSION = YES;
				CLANG_WARN_INT_CONVERSION = YES;
				CLANG_WARN_NON_LITERAL_NULL_CONVERSION = YES;
				CLANG_WARN_OBJC_IMPLICIT_RETAIN_SELF = YES;
				CLANG_WARN_OBJC_LITERAL_CONVERSION = YES;
				CLANG_WARN_OBJC_ROOT_CLASS = YES_ERROR;
				CLANG_WARN_QUOTED_INCLUDE_IN_FRAMEWORK_HEADER = YES;
				CLANG_WARN_RANGE_LOOP_ANALYSIS = YES;
				CLANG_WARN_STRICT_PROTOTYPES = YES;
				CLANG_WARN_SUSPICIOUS_MOVE = YES;
				CLANG_WARN_UNGUARDED_AVAILABILITY = YES_AGGRESSIVE;
				CLANG_WARN_UNREACHABLE_CODE = YES;
				CLANG_WARN__DUPLICATE_METHOD_MATCH = YES;
				COPY_PHASE_STRIP = NO;
				DEBUG_INFORMATION_FORMAT = dwarf;
				ENABLE_STRICT_OBJC_MSGSEND = YES;
				ENABLE_TESTABILITY = YES;
				GCC_C_LANGUAGE_STANDARD = gnu11;
				GCC_DYNAMIC_NO_PIC = NO;
				GCC_NO_COMMON_BLOCKS = YES;
				GCC_OPTIMIZATION_LEVEL = 0;
				GCC_PREPROCESSOR_DEFINITIONS = (
					"DEBUG=1",
					"$(inherited)",
				);
				GCC_WARN_64_TO_32_BIT_CONVERSION = YES;
				GCC_WARN_ABOUT_RETURN_TYPE = YES_ERROR;
				GCC_WARN_UNDECLARED_SELECTOR = YES;
				GCC_WARN_UNINITIALIZED_AUTOS = YES_AGGRESSIVE;
				GCC_WARN_UNUSED_FUNCTION = YES;
				GCC_WARN_UNUSED_VARIABLE = YES;
				IPHONEOS_DEPLOYMENT_TARGET = 14.4;
				MTL_ENABLE_DEBUG_INFO = INCLUDE_SOURCE;
				MTL_FAST_MATH = YES;
				ONLY_ACTIVE_ARCH = YES;
				SDKROOT = iphoneos;
				SWIFT_ACTIVE_COMPILATION_CONDITIONS = DEBUG;
				SWIFT_OPTIMIZATION_LEVEL = "-Onone";
			};
			name = Debug;
		};
		84A7C148263201F80020C4AF /* Release */ = {
			isa = XCBuildConfiguration;
			buildSettings = {
				ALWAYS_SEARCH_USER_PATHS = NO;
				CLANG_ANALYZER_NONNULL = YES;
				CLANG_ANALYZER_NUMBER_OBJECT_CONVERSION = YES_AGGRESSIVE;
				CLANG_CXX_LANGUAGE_STANDARD = "gnu++14";
				CLANG_CXX_LIBRARY = "libc++";
				CLANG_ENABLE_MODULES = YES;
				CLANG_ENABLE_OBJC_ARC = YES;
				CLANG_ENABLE_OBJC_WEAK = YES;
				CLANG_WARN_BLOCK_CAPTURE_AUTORELEASING = YES;
				CLANG_WARN_BOOL_CONVERSION = YES;
				CLANG_WARN_COMMA = YES;
				CLANG_WARN_CONSTANT_CONVERSION = YES;
				CLANG_WARN_DEPRECATED_OBJC_IMPLEMENTATIONS = YES;
				CLANG_WARN_DIRECT_OBJC_ISA_USAGE = YES_ERROR;
				CLANG_WARN_DOCUMENTATION_COMMENTS = YES;
				CLANG_WARN_EMPTY_BODY = YES;
				CLANG_WARN_ENUM_CONVERSION = YES;
				CLANG_WARN_INFINITE_RECURSION = YES;
				CLANG_WARN_INT_CONVERSION = YES;
				CLANG_WARN_NON_LITERAL_NULL_CONVERSION = YES;
				CLANG_WARN_OBJC_IMPLICIT_RETAIN_SELF = YES;
				CLANG_WARN_OBJC_LITERAL_CONVERSION = YES;
				CLANG_WARN_OBJC_ROOT_CLASS = YES_ERROR;
				CLANG_WARN_QUOTED_INCLUDE_IN_FRAMEWORK_HEADER = YES;
				CLANG_WARN_RANGE_LOOP_ANALYSIS = YES;
				CLANG_WARN_STRICT_PROTOTYPES = YES;
				CLANG_WARN_SUSPICIOUS_MOVE = YES;
				CLANG_WARN_UNGUARDED_AVAILABILITY = YES_AGGRESSIVE;
				CLANG_WARN_UNREACHABLE_CODE = YES;
				CLANG_WARN__DUPLICATE_METHOD_MATCH = YES;
				COPY_PHASE_STRIP = NO;
				DEBUG_INFORMATION_FORMAT = "dwarf-with-dsym";
				ENABLE_NS_ASSERTIONS = NO;
				ENABLE_STRICT_OBJC_MSGSEND = YES;
				GCC_C_LANGUAGE_STANDARD = gnu11;
				GCC_NO_COMMON_BLOCKS = YES;
				GCC_WARN_64_TO_32_BIT_CONVERSION = YES;
				GCC_WARN_ABOUT_RETURN_TYPE = YES_ERROR;
				GCC_WARN_UNDECLARED_SELECTOR = YES;
				GCC_WARN_UNINITIALIZED_AUTOS = YES_AGGRESSIVE;
				GCC_WARN_UNUSED_FUNCTION = YES;
				GCC_WARN_UNUSED_VARIABLE = YES;
				IPHONEOS_DEPLOYMENT_TARGET = 14.4;
				MTL_ENABLE_DEBUG_INFO = NO;
				MTL_FAST_MATH = YES;
				SDKROOT = iphoneos;
				SWIFT_COMPILATION_MODE = wholemodule;
				SWIFT_OPTIMIZATION_LEVEL = "-O";
				VALIDATE_PRODUCT = YES;
			};
			name = Release;
		};
		84A7C14A263201F80020C4AF /* Debug */ = {
			isa = XCBuildConfiguration;
			buildSettings = {
				ASSETCATALOG_COMPILER_APPICON_NAME = AppIcon;
				ASSETCATALOG_COMPILER_GLOBAL_ACCENT_COLOR_NAME = AccentColor;
				CODE_SIGN_STYLE = Automatic;
				DEVELOPMENT_ASSET_PATHS = "\"ConvertMeasurements/Preview Content\"";
				DEVELOPMENT_TEAM = 6GSPTZ85W2;
				ENABLE_PREVIEWS = YES;
				INFOPLIST_FILE = ConvertMeasurements/Info.plist;
				IPHONEOS_DEPLOYMENT_TARGET = 14.0;
				LD_RUNPATH_SEARCH_PATHS = (
					"$(inherited)",
					"@executable_path/Frameworks",
				);
				PRODUCT_BUNDLE_IDENTIFIER = me.william.hatzar.ConvertMeasurements;
				PRODUCT_NAME = "$(TARGET_NAME)";
				SWIFT_VERSION = 5.0;
				TARGETED_DEVICE_FAMILY = "1,2";
			};
			name = Debug;
		};
		84A7C14B263201F80020C4AF /* Release */ = {
			isa = XCBuildConfiguration;
			buildSettings = {
				ASSETCATALOG_COMPILER_APPICON_NAME = AppIcon;
				ASSETCATALOG_COMPILER_GLOBAL_ACCENT_COLOR_NAME = AccentColor;
				CODE_SIGN_STYLE = Automatic;
				DEVELOPMENT_ASSET_PATHS = "\"ConvertMeasurements/Preview Content\"";
				DEVELOPMENT_TEAM = 6GSPTZ85W2;
				ENABLE_PREVIEWS = YES;
				INFOPLIST_FILE = ConvertMeasurements/Info.plist;
				IPHONEOS_DEPLOYMENT_TARGET = 14.0;
				LD_RUNPATH_SEARCH_PATHS = (
					"$(inherited)",
					"@executable_path/Frameworks",
				);
				PRODUCT_BUNDLE_IDENTIFIER = me.william.hatzar.ConvertMeasurements;
				PRODUCT_NAME = "$(TARGET_NAME)";
				SWIFT_VERSION = 5.0;
				TARGETED_DEVICE_FAMILY = "1,2";
			};
			name = Release;
		};
		84A7C14D263201F80020C4AF /* Debug */ = {
			isa = XCBuildConfiguration;
			buildSettings = {
				ALWAYS_EMBED_SWIFT_STANDARD_LIBRARIES = YES;
				BUNDLE_LOADER = "$(TEST_HOST)";
				CODE_SIGN_STYLE = Automatic;
				DEVELOPMENT_TEAM = 6GSPTZ85W2;
				INFOPLIST_FILE = ConvertMeasurementsTests/Info.plist;
				IPHONEOS_DEPLOYMENT_TARGET = 14.0;
				LD_RUNPATH_SEARCH_PATHS = (
					"$(inherited)",
					"@executable_path/Frameworks",
					"@loader_path/Frameworks",
				);
				PRODUCT_BUNDLE_IDENTIFIER = me.william.hatzar.ConvertMeasurementsTests;
				PRODUCT_NAME = "$(TARGET_NAME)";
				SWIFT_VERSION = 5.0;
				TARGETED_DEVICE_FAMILY = "1,2";
				TEST_HOST = "$(BUILT_PRODUCTS_DIR)/ConvertMeasurements.app/ConvertMeasurements";
			};
			name = Debug;
		};
		84A7C14E263201F80020C4AF /* Release */ = {
			isa = XCBuildConfiguration;
			buildSettings = {
				ALWAYS_EMBED_SWIFT_STANDARD_LIBRARIES = YES;
				BUNDLE_LOADER = "$(TEST_HOST)";
				CODE_SIGN_STYLE = Automatic;
				DEVELOPMENT_TEAM = 6GSPTZ85W2;
				INFOPLIST_FILE = ConvertMeasurementsTests/Info.plist;
				IPHONEOS_DEPLOYMENT_TARGET = 14.0;
				LD_RUNPATH_SEARCH_PATHS = (
					"$(inherited)",
					"@executable_path/Frameworks",
					"@loader_path/Frameworks",
				);
				PRODUCT_BUNDLE_IDENTIFIER = me.william.hatzar.ConvertMeasurementsTests;
				PRODUCT_NAME = "$(TARGET_NAME)";
				SWIFT_VERSION = 5.0;
				TARGETED_DEVICE_FAMILY = "1,2";
				TEST_HOST = "$(BUILT_PRODUCTS_DIR)/ConvertMeasurements.app/ConvertMeasurements";
			};
			name = Release;
		};
		84A7C150263201F80020C4AF /* Debug */ = {
			isa = XCBuildConfiguration;
			buildSettings = {
				ALWAYS_EMBED_SWIFT_STANDARD_LIBRARIES = YES;
				CODE_SIGN_STYLE = Automatic;
				DEVELOPMENT_TEAM = 6GSPTZ85W2;
				INFOPLIST_FILE = ConvertMeasurementsUITests/Info.plist;
				LD_RUNPATH_SEARCH_PATHS = (
					"$(inherited)",
					"@executable_path/Frameworks",
					"@loader_path/Frameworks",
				);
				PRODUCT_BUNDLE_IDENTIFIER = me.william.hatzar.ConvertMeasurementsUITests;
				PRODUCT_NAME = "$(TARGET_NAME)";
				SWIFT_VERSION = 5.0;
				TARGETED_DEVICE_FAMILY = "1,2";
				TEST_TARGET_NAME = ConvertMeasurements;
			};
			name = Debug;
		};
		84A7C151263201F80020C4AF /* Release */ = {
			isa = XCBuildConfiguration;
			buildSettings = {
				ALWAYS_EMBED_SWIFT_STANDARD_LIBRARIES = YES;
				CODE_SIGN_STYLE = Automatic;
				DEVELOPMENT_TEAM = 6GSPTZ85W2;
				INFOPLIST_FILE = ConvertMeasurementsUITests/Info.plist;
				LD_RUNPATH_SEARCH_PATHS = (
					"$(inherited)",
					"@executable_path/Frameworks",
					"@loader_path/Frameworks",
				);
				PRODUCT_BUNDLE_IDENTIFIER = me.william.hatzar.ConvertMeasurementsUITests;
				PRODUCT_NAME = "$(TARGET_NAME)";
				SWIFT_VERSION = 5.0;
				TARGETED_DEVICE_FAMILY = "1,2";
				TEST_TARGET_NAME = ConvertMeasurements;
			};
			name = Release;
		};
/* End XCBuildConfiguration section */

/* Begin XCConfigurationList section */
		84A7C11F263201F70020C4AF /* Build configuration list for PBXProject "ConvertMeasurements" */ = {
			isa = XCConfigurationList;
			buildConfigurations = (
				84A7C147263201F80020C4AF /* Debug */,
				84A7C148263201F80020C4AF /* Release */,
			);
			defaultConfigurationIsVisible = 0;
			defaultConfigurationName = Release;
		};
		84A7C149263201F80020C4AF /* Build configuration list for PBXNativeTarget "ConvertMeasurements" */ = {
			isa = XCConfigurationList;
			buildConfigurations = (
				84A7C14A263201F80020C4AF /* Debug */,
				84A7C14B263201F80020C4AF /* Release */,
			);
			defaultConfigurationIsVisible = 0;
			defaultConfigurationName = Release;
		};
		84A7C14C263201F80020C4AF /* Build configuration list for PBXNativeTarget "ConvertMeasurementsTests" */ = {
			isa = XCConfigurationList;
			buildConfigurations = (
				84A7C14D263201F80020C4AF /* Debug */,
				84A7C14E263201F80020C4AF /* Release */,
			);
			defaultConfigurationIsVisible = 0;
			defaultConfigurationName = Release;
		};
		84A7C14F263201F80020C4AF /* Build configuration list for PBXNativeTarget "ConvertMeasurementsUITests" */ = {
			isa = XCConfigurationList;
			buildConfigurations = (
				84A7C150263201F80020C4AF /* Debug */,
				84A7C151263201F80020C4AF /* Release */,
			);
			defaultConfigurationIsVisible = 0;
			defaultConfigurationName = Release;
		};
/* End XCConfigurationList section */
	};
	rootObject = 84A7C11C263201F70020C4AF /* Project object */;
}
